
Microsoft Visual Studio Solution File, Format Version 12.00
# Visual Studio 15
VisualStudioVersion = 15.0.27703.2035
MinimumVisualStudioVersion = 10.0.40219.1
Project("{FAE04EC0-301F-11D3-BF4B-00C04F79EFBC}") = "LevelPost", "LevelPost\LevelPost.csproj", "{2D205245-4955-45FA-8708-33C42697A58D}"
EndProject
Project("{FAE04EC0-301F-11D3-BF4B-00C04F79EFBC}") = "LevelDump", "LevelDump\LevelDump.csproj", "{4BB37DE4-AAB2-421B-B22D-F1D4C29F534B}"
EndProject
Global
	GlobalSection(SolutionConfigurationPlatforms) = preSolution
		Debug|Any CPU = Debug|Any CPU
		Release|Any CPU = Release|Any CPU
	EndGlobalSection
	GlobalSection(ProjectConfigurationPlatforms) = postSolution
		{2D205245-4955-45FA-8708-33C42697A58D}.Debug|Any CPU.ActiveCfg = Debug|Any CPU
		{2D205245-4955-45FA-8708-33C42697A58D}.Debug|Any CPU.Build.0 = Debug|Any CPU
		{2D205245-4955-45FA-8708-33C42697A58D}.Release|Any CPU.ActiveCfg = Release|Any CPU
		{2D205245-4955-45FA-8708-33C42697A58D}.Release|Any CPU.Build.0 = Release|Any CPU
		{4BB37DE4-AAB2-421B-B22D-F1D4C29F534B}.Debug|Any CPU.ActiveCfg = Debug|Any CPU
		{4BB37DE4-AAB2-421B-B22D-F1D4C29F534B}.Debug|Any CPU.Build.0 = Debug|Any CPU
		{4BB37DE4-AAB2-421B-B22D-F1D4C29F534B}.Release|Any CPU.ActiveCfg = Release|Any CPU
		{4BB37DE4-AAB2-421B-B22D-F1D4C29F534B}.Release|Any CPU.Build.0 = Release|Any CPU
	EndGlobalSection
	GlobalSection(SolutionProperties) = preSolution
		HideSolutionNode = FALSE
	EndGlobalSection
	GlobalSection(ExtensibilityGlobals) = postSolution
		SolutionGuid = {7B495B5C-C8D2-4DF2-9033-0A04B3519295}
	EndGlobalSection
EndGlobal
